
Microsoft Visual Studio Solution File, Format Version 12.00
# Visual Studio Version 16
VisualStudioVersion = 16.0.30621.155
MinimumVisualStudioVersion = 10.0.40219.1
Project("{FAE04EC0-301F-11D3-BF4B-00C04F79EFBC}") = "DashboardUI", "DashboardUI\DashboardUI.csproj", "{75B9FD72-E189-4B93-936F-1F87AAAA99E5}"
EndProject
Project("{2150E333-8FDC-42A3-9474-1A3956D46DE8}") = "UI", "UI", "{CB8786B9-8561-4C1B-9E8F-9E766E94C4FD}"
EndProject
Project("{2150E333-8FDC-42A3-9474-1A3956D46DE8}") = "BLL", "BLL", "{4E4ABB8D-30F3-46A0-B585-9608FE6DD325}"
EndProject
Project("{2150E333-8FDC-42A3-9474-1A3956D46DE8}") = "DAL", "DAL", "{7CD6712A-6E6F-4124-8EA7-0E907FCF1BBD}"
EndProject
Project("{9A19103F-16F7-4668-BE54-9A1E7A4F7556}") = "CapaDAL", "CapaDAL\CapaDAL.csproj", "{24B12EB1-67EC-4977-B861-D778040C9B2A}"
EndProject
Project("{2150E333-8FDC-42A3-9474-1A3956D46DE8}") = "Utilidades", "Utilidades", "{F97822D9-09D3-4C7C-8903-040ABA6FBFF9}"
EndProject
Project("{9A19103F-16F7-4668-BE54-9A1E7A4F7556}") = "ComercialVOUtilidades", "ComercialVOUtilidades\ComercialVOUtilidades.csproj", "{A6502916-A3CB-4E5D-ACB0-C1BEF92F25C4}"
EndProject
Project("{9A19103F-16F7-4668-BE54-9A1E7A4F7556}") = "CapaBLL", "CapaBLL\CapaBLL.csproj", "{2AE27312-4CA7-4758-8E15-5839401EDCA4}"
EndProject
Project("{9A19103F-16F7-4668-BE54-9A1E7A4F7556}") = "VentasVOUtilidades", "VentasVOUtilidades\VentasVOUtilidades.csproj", "{77AFF92D-F46C-4CC3-B130-1BC5778889C7}"
EndProject
Project("{9A19103F-16F7-4668-BE54-9A1E7A4F7556}") = "CalculosLib", "CalculosLib\CalculosLib.csproj", "{39916CAF-F350-462E-9C54-FB4792D5B260}"
EndProject
Global
	GlobalSection(SolutionConfigurationPlatforms) = preSolution
		Debug|Any CPU = Debug|Any CPU
		Release|Any CPU = Release|Any CPU
	EndGlobalSection
	GlobalSection(ProjectConfigurationPlatforms) = postSolution
		{75B9FD72-E189-4B93-936F-1F87AAAA99E5}.Debug|Any CPU.ActiveCfg = Debug|Any CPU
		{75B9FD72-E189-4B93-936F-1F87AAAA99E5}.Debug|Any CPU.Build.0 = Debug|Any CPU
		{75B9FD72-E189-4B93-936F-1F87AAAA99E5}.Release|Any CPU.ActiveCfg = Release|Any CPU
		{75B9FD72-E189-4B93-936F-1F87AAAA99E5}.Release|Any CPU.Build.0 = Release|Any CPU
		{24B12EB1-67EC-4977-B861-D778040C9B2A}.Debug|Any CPU.ActiveCfg = Debug|Any CPU
		{24B12EB1-67EC-4977-B861-D778040C9B2A}.Debug|Any CPU.Build.0 = Debug|Any CPU
		{24B12EB1-67EC-4977-B861-D778040C9B2A}.Release|Any CPU.ActiveCfg = Release|Any CPU
		{24B12EB1-67EC-4977-B861-D778040C9B2A}.Release|Any CPU.Build.0 = Release|Any CPU
		{A6502916-A3CB-4E5D-ACB0-C1BEF92F25C4}.Debug|Any CPU.ActiveCfg = Debug|Any CPU
		{A6502916-A3CB-4E5D-ACB0-C1BEF92F25C4}.Debug|Any CPU.Build.0 = Debug|Any CPU
		{A6502916-A3CB-4E5D-ACB0-C1BEF92F25C4}.Release|Any CPU.ActiveCfg = Release|Any CPU
		{A6502916-A3CB-4E5D-ACB0-C1BEF92F25C4}.Release|Any CPU.Build.0 = Release|Any CPU
		{2AE27312-4CA7-4758-8E15-5839401EDCA4}.Debug|Any CPU.ActiveCfg = Debug|Any CPU
		{2AE27312-4CA7-4758-8E15-5839401EDCA4}.Debug|Any CPU.Build.0 = Debug|Any CPU
		{2AE27312-4CA7-4758-8E15-5839401EDCA4}.Release|Any CPU.ActiveCfg = Release|Any CPU
		{2AE27312-4CA7-4758-8E15-5839401EDCA4}.Release|Any CPU.Build.0 = Release|Any CPU
		{77AFF92D-F46C-4CC3-B130-1BC5778889C7}.Debug|Any CPU.ActiveCfg = Debug|Any CPU
		{77AFF92D-F46C-4CC3-B130-1BC5778889C7}.Debug|Any CPU.Build.0 = Debug|Any CPU
		{77AFF92D-F46C-4CC3-B130-1BC5778889C7}.Release|Any CPU.ActiveCfg = Release|Any CPU
		{77AFF92D-F46C-4CC3-B130-1BC5778889C7}.Release|Any CPU.Build.0 = Release|Any CPU
		{39916CAF-F350-462E-9C54-FB4792D5B260}.Debug|Any CPU.ActiveCfg = Debug|Any CPU
		{39916CAF-F350-462E-9C54-FB4792D5B260}.Debug|Any CPU.Build.0 = Debug|Any CPU
		{39916CAF-F350-462E-9C54-FB4792D5B260}.Release|Any CPU.ActiveCfg = Release|Any CPU
		{39916CAF-F350-462E-9C54-FB4792D5B260}.Release|Any CPU.Build.0 = Release|Any CPU
	EndGlobalSection
	GlobalSection(SolutionProperties) = preSolution
		HideSolutionNode = FALSE
	EndGlobalSection
	GlobalSection(NestedProjects) = preSolution
		{75B9FD72-E189-4B93-936F-1F87AAAA99E5} = {CB8786B9-8561-4C1B-9E8F-9E766E94C4FD}
		{24B12EB1-67EC-4977-B861-D778040C9B2A} = {7CD6712A-6E6F-4124-8EA7-0E907FCF1BBD}
		{A6502916-A3CB-4E5D-ACB0-C1BEF92F25C4} = {F97822D9-09D3-4C7C-8903-040ABA6FBFF9}
		{2AE27312-4CA7-4758-8E15-5839401EDCA4} = {4E4ABB8D-30F3-46A0-B585-9608FE6DD325}
		{77AFF92D-F46C-4CC3-B130-1BC5778889C7} = {F97822D9-09D3-4C7C-8903-040ABA6FBFF9}
		{39916CAF-F350-462E-9C54-FB4792D5B260} = {F97822D9-09D3-4C7C-8903-040ABA6FBFF9}
	EndGlobalSection
	GlobalSection(ExtensibilityGlobals) = postSolution
		SolutionGuid = {48D01D82-AC94-4C9A-AB4C-79DA468F136A}
	EndGlobalSection
EndGlobal
